// !$*UTF8*$!
{
	archiveVersion = 1;
	classes = {
	};
	objectVersion = 50;
	objects = {

/* Begin PBXBuildFile section */
		ED0B538822D4DE4C0022E49E /* texture_nm.png in Resources */ = {isa = PBXBuildFile; fileRef = ED0B538722D4DE4C0022E49E /* texture_nm.png */; };
		ED0FECC022CA10230085AEA0 /* texture_bm.jpg in Resources */ = {isa = PBXBuildFile; fileRef = ED0FECBB22CA10230085AEA0 /* texture_bm.jpg */; };
		ED0FECC122CA10230085AEA0 /* test-shape.bg2 in Resources */ = {isa = PBXBuildFile; fileRef = ED0FECBC22CA10230085AEA0 /* test-shape.bg2 */; };
		ED0FECC322CA10230085AEA0 /* texture_reflection_mask.png in Resources */ = {isa = PBXBuildFile; fileRef = ED0FECBE22CA10230085AEA0 /* texture_reflection_mask.png */; };
		ED0FECC422CA10230085AEA0 /* texture.jpg in Resources */ = {isa = PBXBuildFile; fileRef = ED0FECBF22CA10230085AEA0 /* texture.jpg */; };
		EDAFCD5C22C7905B00C3D128 /* AppDelegate.swift in Sources */ = {isa = PBXBuildFile; fileRef = EDAFCD5B22C7905B00C3D128 /* AppDelegate.swift */; };
		EDAFCD5E22C7905B00C3D128 /* Assets.xcassets in Resources */ = {isa = PBXBuildFile; fileRef = EDAFCD5D22C7905B00C3D128 /* Assets.xcassets */; };
		EDAFCD6122C7905B00C3D128 /* Main.storyboard in Resources */ = {isa = PBXBuildFile; fileRef = EDAFCD5F22C7905B00C3D128 /* Main.storyboard */; };
		EDAFCD6A22C7909800C3D128 /* ViewController.swift in Sources */ = {isa = PBXBuildFile; fileRef = EDAFCD6922C7909800C3D128 /* ViewController.swift */; };
		EDAFCD6F22C7925200C3D128 /* bg2e_mac.framework in Frameworks */ = {isa = PBXBuildFile; fileRef = EDAFCD6E22C7925200C3D128 /* bg2e_mac.framework */; };
		EDAFCD7022C7925200C3D128 /* bg2e_mac.framework in Embed Frameworks */ = {isa = PBXBuildFile; fileRef = EDAFCD6E22C7925200C3D128 /* bg2e_mac.framework */; settings = {ATTRIBUTES = (CodeSignOnCopy, RemoveHeadersOnCopy, ); }; };
/* End PBXBuildFile section */

/* Begin PBXCopyFilesBuildPhase section */
		EDAFCD7122C7925200C3D128 /* Embed Frameworks */ = {
			isa = PBXCopyFilesBuildPhase;
			buildActionMask = 2147483647;
			dstPath = "";
			dstSubfolderSpec = 10;
			files = (
				EDAFCD7022C7925200C3D128 /* bg2e_mac.framework in Embed Frameworks */,
			);
			name = "Embed Frameworks";
			runOnlyForDeploymentPostprocessing = 0;
		};
/* End PBXCopyFilesBuildPhase section */

/* Begin PBXFileReference section */
		ED0B538722D4DE4C0022E49E /* texture_nm.png */ = {isa = PBXFileReference; lastKnownFileType = image.png; name = texture_nm.png; path = ../../../data/texture_nm.png; sourceTree = "<group>"; };
		ED0FECBB22CA10230085AEA0 /* texture_bm.jpg */ = {isa = PBXFileReference; lastKnownFileType = image.jpeg; name = texture_bm.jpg; path = ../../../data/texture_bm.jpg; sourceTree = "<group>"; };
		ED0FECBC22CA10230085AEA0 /* test-shape.bg2 */ = {isa = PBXFileReference; lastKnownFileType = file; name = "test-shape.bg2"; path = "../../../data/test-shape.bg2"; sourceTree = "<group>"; };
		ED0FECBE22CA10230085AEA0 /* texture_reflection_mask.png */ = {isa = PBXFileReference; lastKnownFileType = image.png; name = texture_reflection_mask.png; path = ../../../data/texture_reflection_mask.png; sourceTree = "<group>"; };
		ED0FECBF22CA10230085AEA0 /* texture.jpg */ = {isa = PBXFileReference; lastKnownFileType = image.jpeg; name = texture.jpg; path = ../../../data/texture.jpg; sourceTree = "<group>"; };
		EDAFCD5822C7905B00C3D128 /* Mac Playground.app */ = {isa = PBXFileReference; explicitFileType = wrapper.application; includeInIndex = 0; path = "Mac Playground.app"; sourceTree = BUILT_PRODUCTS_DIR; };
		EDAFCD5B22C7905B00C3D128 /* AppDelegate.swift */ = {isa = PBXFileReference; lastKnownFileType = sourcecode.swift; path = AppDelegate.swift; sourceTree = "<group>"; };
		EDAFCD5D22C7905B00C3D128 /* Assets.xcassets */ = {isa = PBXFileReference; lastKnownFileType = folder.assetcatalog; path = Assets.xcassets; sourceTree = "<group>"; };
		EDAFCD6022C7905B00C3D128 /* Base */ = {isa = PBXFileReference; lastKnownFileType = file.storyboard; name = Base; path = Base.lproj/Main.storyboard; sourceTree = "<group>"; };
		EDAFCD6222C7905B00C3D128 /* Info.plist */ = {isa = PBXFileReference; lastKnownFileType = text.plist.xml; path = Info.plist; sourceTree = "<group>"; };
		EDAFCD6322C7905B00C3D128 /* Mac_Playground.entitlements */ = {isa = PBXFileReference; lastKnownFileType = text.plist.entitlements; path = Mac_Playground.entitlements; sourceTree = "<group>"; };
		EDAFCD6922C7909800C3D128 /* ViewController.swift */ = {isa = PBXFileReference; lastKnownFileType = sourcecode.swift; path = ViewController.swift; sourceTree = "<group>"; };
		EDAFCD6E22C7925200C3D128 /* bg2e_mac.framework */ = {isa = PBXFileReference; explicitFileType = wrapper.framework; path = bg2e_mac.framework; sourceTree = BUILT_PRODUCTS_DIR; };
/* End PBXFileReference section */

/* Begin PBXFrameworksBuildPhase section */
		EDAFCD5522C7905B00C3D128 /* Frameworks */ = {
			isa = PBXFrameworksBuildPhase;
			buildActionMask = 2147483647;
			files = (
				EDAFCD6F22C7925200C3D128 /* bg2e_mac.framework in Frameworks */,
			);
			runOnlyForDeploymentPostprocessing = 0;
		};
/* End PBXFrameworksBuildPhase section */

/* Begin PBXGroup section */
		ED0FECBA22CA101C0085AEA0 /* data */ = {
			isa = PBXGroup;
			children = (
				ED0FECBC22CA10230085AEA0 /* test-shape.bg2 */,
				ED0FECBB22CA10230085AEA0 /* texture_bm.jpg */,
				ED0B538722D4DE4C0022E49E /* texture_nm.png */,
				ED0FECBE22CA10230085AEA0 /* texture_reflection_mask.png */,
				ED0FECBF22CA10230085AEA0 /* texture.jpg */,
			);
			path = data;
			sourceTree = "<group>";
		};
		EDAFCD4F22C7905B00C3D128 = {
			isa = PBXGroup;
			children = (
				EDAFCD5A22C7905B00C3D128 /* Mac Playground */,
				EDAFCD5922C7905B00C3D128 /* Products */,
				EDAFCD6D22C7925200C3D128 /* Frameworks */,
			);
			sourceTree = "<group>";
		};
		EDAFCD5922C7905B00C3D128 /* Products */ = {
			isa = PBXGroup;
			children = (
				EDAFCD5822C7905B00C3D128 /* Mac Playground.app */,
			);
			name = Products;
			sourceTree = "<group>";
		};
		EDAFCD5A22C7905B00C3D128 /* Mac Playground */ = {
			isa = PBXGroup;
			children = (
				ED0FECBA22CA101C0085AEA0 /* data */,
				EDAFCD5B22C7905B00C3D128 /* AppDelegate.swift */,
				EDAFCD5D22C7905B00C3D128 /* Assets.xcassets */,
				EDAFCD5F22C7905B00C3D128 /* Main.storyboard */,
				EDAFCD6222C7905B00C3D128 /* Info.plist */,
				EDAFCD6322C7905B00C3D128 /* Mac_Playground.entitlements */,
				EDAFCD6922C7909800C3D128 /* ViewController.swift */,
			);
			path = "Mac Playground";
			sourceTree = "<group>";
		};
		EDAFCD6D22C7925200C3D128 /* Frameworks */ = {
			isa = PBXGroup;
			children = (
				EDAFCD6E22C7925200C3D128 /* bg2e_mac.framework */,
			);
			name = Frameworks;
			sourceTree = "<group>";
		};
/* End PBXGroup section */

/* Begin PBXNativeTarget section */
		EDAFCD5722C7905B00C3D128 /* Mac Playground */ = {
			isa = PBXNativeTarget;
			buildConfigurationList = EDAFCD6622C7905B00C3D128 /* Build configuration list for PBXNativeTarget "Mac Playground" */;
			buildPhases = (
				EDAFCD5422C7905B00C3D128 /* Sources */,
				EDAFCD5522C7905B00C3D128 /* Frameworks */,
				EDAFCD5622C7905B00C3D128 /* Resources */,
				EDAFCD7122C7925200C3D128 /* Embed Frameworks */,
			);
			buildRules = (
			);
			dependencies = (
			);
			name = "Mac Playground";
			productName = "Mac Playground";
			productReference = EDAFCD5822C7905B00C3D128 /* Mac Playground.app */;
			productType = "com.apple.product-type.application";
		};
/* End PBXNativeTarget section */

/* Begin PBXProject section */
		EDAFCD5022C7905B00C3D128 /* Project object */ = {
			isa = PBXProject;
			attributes = {
				LastSwiftUpdateCheck = 1100;
				LastUpgradeCheck = 1100;
				ORGANIZATIONNAME = "Fernando Serrano Carpena";
				TargetAttributes = {
					EDAFCD5722C7905B00C3D128 = {
						CreatedOnToolsVersion = 11.0;
					};
				};
			};
			buildConfigurationList = EDAFCD5322C7905B00C3D128 /* Build configuration list for PBXProject "Mac Playground" */;
			compatibilityVersion = "Xcode 9.3";
			developmentRegion = en;
			hasScannedForEncodings = 0;
			knownRegions = (
				en,
				Base,
			);
			mainGroup = EDAFCD4F22C7905B00C3D128;
			productRefGroup = EDAFCD5922C7905B00C3D128 /* Products */;
			projectDirPath = "";
			projectRoot = "";
			targets = (
				EDAFCD5722C7905B00C3D128 /* Mac Playground */,
			);
		};
/* End PBXProject section */

/* Begin PBXResourcesBuildPhase section */
		EDAFCD5622C7905B00C3D128 /* Resources */ = {
			isa = PBXResourcesBuildPhase;
			buildActionMask = 2147483647;
			files = (
				EDAFCD5E22C7905B00C3D128 /* Assets.xcassets in Resources */,
				ED0FECC422CA10230085AEA0 /* texture.jpg in Resources */,
				EDAFCD6122C7905B00C3D128 /* Main.storyboard in Resources */,
				ED0B538822D4DE4C0022E49E /* texture_nm.png in Resources */,
				ED0FECC122CA10230085AEA0 /* test-shape.bg2 in Resources */,
				ED0FECC322CA10230085AEA0 /* texture_reflection_mask.png in Resources */,
				ED0FECC022CA10230085AEA0 /* texture_bm.jpg in Resources */,
			);
			runOnlyForDeploymentPostprocessing = 0;
		};
/* End PBXResourcesBuildPhase section */

/* Begin PBXSourcesBuildPhase section */
		EDAFCD5422C7905B00C3D128 /* Sources */ = {
			isa = PBXSourcesBuildPhase;
			buildActionMask = 2147483647;
			files = (
				EDAFCD6A22C7909800C3D128 /* ViewController.swift in Sources */,
				EDAFCD5C22C7905B00C3D128 /* AppDelegate.swift in Sources */,
			);
			runOnlyForDeploymentPostprocessing = 0;
		};
/* End PBXSourcesBuildPhase section */

/* Begin PBXVariantGroup section */
		EDAFCD5F22C7905B00C3D128 /* Main.storyboard */ = {
			isa = PBXVariantGroup;
			children = (
				EDAFCD6022C7905B00C3D128 /* Base */,
			);
			name = Main.storyboard;
			sourceTree = "<group>";
		};
/* End PBXVariantGroup section */

/* Begin XCBuildConfiguration section */
		EDAFCD6422C7905B00C3D128 /* Debug */ = {
			isa = XCBuildConfiguration;
			buildSettings = {
				ALWAYS_SEARCH_USER_PATHS = NO;
				CLANG_ANALYZER_NONNULL = YES;
				CLANG_ANALYZER_NUMBER_OBJECT_CONVERSION = YES_AGGRESSIVE;
				CLANG_CXX_LANGUAGE_STANDARD = "gnu++14";
				CLANG_CXX_LIBRARY = "libc++";
				CLANG_ENABLE_MODULES = YES;
				CLANG_ENABLE_OBJC_ARC = YES;
				CLANG_ENABLE_OBJC_WEAK = YES;
				CLANG_WARN_BLOCK_CAPTURE_AUTORELEASING = YES;
				CLANG_WARN_BOOL_CONVERSION = YES;
				CLANG_WARN_COMMA = YES;
				CLANG_WARN_CONSTANT_CONVERSION = YES;
				CLANG_WARN_DEPRECATED_OBJC_IMPLEMENTATIONS = YES;
				CLANG_WARN_DIRECT_OBJC_ISA_USAGE = YES_ERROR;
				CLANG_WARN_DOCUMENTATION_COMMENTS = YES;
				CLANG_WARN_EMPTY_BODY = YES;
				CLANG_WARN_ENUM_CONVERSION = YES;
				CLANG_WARN_INFINITE_RECURSION = YES;
				CLANG_WARN_INT_CONVERSION = YES;
				CLANG_WARN_NON_LITERAL_NULL_CONVERSION = YES;
				CLANG_WARN_OBJC_IMPLICIT_RETAIN_SELF = YES;
				CLANG_WARN_OBJC_LITERAL_CONVERSION = YES;
				CLANG_WARN_OBJC_ROOT_CLASS = YES_ERROR;
				CLANG_WARN_RANGE_LOOP_ANALYSIS = YES;
				CLANG_WARN_STRICT_PROTOTYPES = YES;
				CLANG_WARN_SUSPICIOUS_MOVE = YES;
				CLANG_WARN_UNGUARDED_AVAILABILITY = YES_AGGRESSIVE;
				CLANG_WARN_UNREACHABLE_CODE = YES;
				CLANG_WARN__DUPLICATE_METHOD_MATCH = YES;
				COPY_PHASE_STRIP = NO;
				DEBUG_INFORMATION_FORMAT = dwarf;
				ENABLE_STRICT_OBJC_MSGSEND = YES;
				ENABLE_TESTABILITY = YES;
				GCC_C_LANGUAGE_STANDARD = gnu11;
				GCC_DYNAMIC_NO_PIC = NO;
				GCC_NO_COMMON_BLOCKS = YES;
				GCC_OPTIMIZATION_LEVEL = 0;
				GCC_PREPROCESSOR_DEFINITIONS = (
					"DEBUG=1",
					"$(inherited)",
				);
				GCC_WARN_64_TO_32_BIT_CONVERSION = YES;
				GCC_WARN_ABOUT_RETURN_TYPE = YES_ERROR;
				GCC_WARN_UNDECLARED_SELECTOR = YES;
				GCC_WARN_UNINITIALIZED_AUTOS = YES_AGGRESSIVE;
				GCC_WARN_UNUSED_FUNCTION = YES;
				GCC_WARN_UNUSED_VARIABLE = YES;
				MACOSX_DEPLOYMENT_TARGET = 10.15;
				MTL_ENABLE_DEBUG_INFO = INCLUDE_SOURCE;
				MTL_FAST_MATH = YES;
				ONLY_ACTIVE_ARCH = YES;
				SDKROOT = macosx;
				SWIFT_ACTIVE_COMPILATION_CONDITIONS = DEBUG;
				SWIFT_OPTIMIZATION_LEVEL = "-Onone";
			};
			name = Debug;
		};
		EDAFCD6522C7905B00C3D128 /* Release */ = {
			isa = XCBuildConfiguration;
			buildSettings = {
				ALWAYS_SEARCH_USER_PATHS = NO;
				CLANG_ANALYZER_NONNULL = YES;
				CLANG_ANALYZER_NUMBER_OBJECT_CONVERSION = YES_AGGRESSIVE;
				CLANG_CXX_LANGUAGE_STANDARD = "gnu++14";
				CLANG_CXX_LIBRARY = "libc++";
				CLANG_ENABLE_MODULES = YES;
				CLANG_ENABLE_OBJC_ARC = YES;
				CLANG_ENABLE_OBJC_WEAK = YES;
				CLANG_WARN_BLOCK_CAPTURE_AUTORELEASING = YES;
				CLANG_WARN_BOOL_CONVERSION = YES;
				CLANG_WARN_COMMA = YES;
				CLANG_WARN_CONSTANT_CONVERSION = YES;
				CLANG_WARN_DEPRECATED_OBJC_IMPLEMENTATIONS = YES;
				CLANG_WARN_DIRECT_OBJC_ISA_USAGE = YES_ERROR;
				CLANG_WARN_DOCUMENTATION_COMMENTS = YES;
				CLANG_WARN_EMPTY_BODY = YES;
				CLANG_WARN_ENUM_CONVERSION = YES;
				CLANG_WARN_INFINITE_RECURSION = YES;
				CLANG_WARN_INT_CONVERSION = YES;
				CLANG_WARN_NON_LITERAL_NULL_CONVERSION = YES;
				CLANG_WARN_OBJC_IMPLICIT_RETAIN_SELF = YES;
				CLANG_WARN_OBJC_LITERAL_CONVERSION = YES;
				CLANG_WARN_OBJC_ROOT_CLASS = YES_ERROR;
				CLANG_WARN_RANGE_LOOP_ANALYSIS = YES;
				CLANG_WARN_STRICT_PROTOTYPES = YES;
				CLANG_WARN_SUSPICIOUS_MOVE = YES;
				CLANG_WARN_UNGUARDED_AVAILABILITY = YES_AGGRESSIVE;
				CLANG_WARN_UNREACHABLE_CODE = YES;
				CLANG_WARN__DUPLICATE_METHOD_MATCH = YES;
				COPY_PHASE_STRIP = NO;
				DEBUG_INFORMATION_FORMAT = "dwarf-with-dsym";
				ENABLE_NS_ASSERTIONS = NO;
				ENABLE_STRICT_OBJC_MSGSEND = YES;
				GCC_C_LANGUAGE_STANDARD = gnu11;
				GCC_NO_COMMON_BLOCKS = YES;
				GCC_WARN_64_TO_32_BIT_CONVERSION = YES;
				GCC_WARN_ABOUT_RETURN_TYPE = YES_ERROR;
				GCC_WARN_UNDECLARED_SELECTOR = YES;
				GCC_WARN_UNINITIALIZED_AUTOS = YES_AGGRESSIVE;
				GCC_WARN_UNUSED_FUNCTION = YES;
				GCC_WARN_UNUSED_VARIABLE = YES;
				MACOSX_DEPLOYMENT_TARGET = 10.15;
				MTL_ENABLE_DEBUG_INFO = NO;
				MTL_FAST_MATH = YES;
				SDKROOT = macosx;
				SWIFT_COMPILATION_MODE = wholemodule;
				SWIFT_OPTIMIZATION_LEVEL = "-O";
			};
			name = Release;
		};
		EDAFCD6722C7905B00C3D128 /* Debug */ = {
			isa = XCBuildConfiguration;
			buildSettings = {
				ASSETCATALOG_COMPILER_APPICON_NAME = AppIcon;
				CODE_SIGN_ENTITLEMENTS = "Mac Playground/Mac_Playground.entitlements";
				CODE_SIGN_STYLE = Automatic;
				COMBINE_HIDPI_IMAGES = YES;
				DEVELOPMENT_TEAM = RP926KEE5K;
				ENABLE_HARDENED_RUNTIME = YES;
				INFOPLIST_FILE = "Mac Playground/Info.plist";
				LD_RUNPATH_SEARCH_PATHS = (
					"$(inherited)",
					"@executable_path/../Frameworks",
				);
				MACOSX_DEPLOYMENT_TARGET = 10.14;
				PRODUCT_BUNDLE_IDENTIFIER = "org.bg2engine.Mac-Playground";
				PRODUCT_NAME = "$(TARGET_NAME)";
				SWIFT_VERSION = 5.0;
			};
			name = Debug;
		};
		EDAFCD6822C7905B00C3D128 /* Release */ = {
			isa = XCBuildConfiguration;
			buildSettings = {
				ASSETCATALOG_COMPILER_APPICON_NAME = AppIcon;
				CODE_SIGN_ENTITLEMENTS = "Mac Playground/Mac_Playground.entitlements";
				CODE_SIGN_STYLE = Automatic;
				COMBINE_HIDPI_IMAGES = YES;
				DEVELOPMENT_TEAM = RP926KEE5K;
				ENABLE_HARDENED_RUNTIME = YES;
				INFOPLIST_FILE = "Mac Playground/Info.plist";
				LD_RUNPATH_SEARCH_PATHS = (
					"$(inherited)",
					"@executable_path/../Frameworks",
				);
				MACOSX_DEPLOYMENT_TARGET = 10.14;
				PRODUCT_BUNDLE_IDENTIFIER = "org.bg2engine.Mac-Playground";
				PRODUCT_NAME = "$(TARGET_NAME)";
				SWIFT_VERSION = 5.0;
			};
			name = Release;
		};
/* End XCBuildConfiguration section */

/* Begin XCConfigurationList section */
		EDAFCD5322C7905B00C3D128 /* Build configuration list for PBXProject "Mac Playground" */ = {
			isa = XCConfigurationList;
			buildConfigurations = (
				EDAFCD6422C7905B00C3D128 /* Debug */,
				EDAFCD6522C7905B00C3D128 /* Release */,
			);
			defaultConfigurationIsVisible = 0;
			defaultConfigurationName = Release;
		};
		EDAFCD6622C7905B00C3D128 /* Build configuration list for PBXNativeTarget "Mac Playground" */ = {
			isa = XCConfigurationList;
			buildConfigurations = (
				EDAFCD6722C7905B00C3D128 /* Debug */,
				EDAFCD6822C7905B00C3D128 /* Release */,
			);
			defaultConfigurationIsVisible = 0;
			defaultConfigurationName = Release;
		};
/* End XCConfigurationList section */
	};
	rootObject = EDAFCD5022C7905B00C3D128 /* Project object */;
}
